DEPENDENCIES
  logrotate
  main
    path: cookbooks/main
  nginx
  nodejs
  sites
    path: cookbooks/sites

GRAPH
  apt (2.4.0)
  bluepill (2.3.1)
    rsyslog (>= 0.0.0)
  build-essential (2.0.2)
  logrotate (1.6.0)
  main (0.0.0)
  nginx (2.7.2)
    apt (~> 2.2)
    bluepill (~> 2.3)
    build-essential (~> 2.0)
    ohai (~> 2.0)
    runit (~> 1.2)
    yum-epel (~> 0.3)
  nodejs (1.3.0)
    apt (>= 0.0.0)
    build-essential (>= 0.0.0)
    yum (>= 0.0.0)
  ohai (2.0.0)
  rsyslog (1.12.2)
  runit (1.5.10)
    build-essential (>= 0.0.0)
    yum (~> 3.0)
    yum-epel (>= 0.0.0)
  sites (0.0.0)
    logrotate (>= 0.0.0)
    nginx (>= 0.0.0)
  yum (3.2.0)
  yum-epel (0.3.6)
    yum (~> 3.0)
